
Microsoft Visual Studio Solution File, Format Version 12.00
# Visual Studio Version 16
VisualStudioVersion = 16.0.30320.27
MinimumVisualStudioVersion = 10.0.40219.1
Project("{FAE04EC0-301F-11D3-BF4B-00C04F79EFBC}") = "GuessTheNuber", "GuessTheNuber\GuessTheNuber.csproj", "{E3E6ACEB-D186-4527-B731-DAE449168B5D}"
EndProject
Project("{FAE04EC0-301F-11D3-BF4B-00C04F79EFBC}") = "DoubleUpper", "DoubleUpper\DoubleUpper.csproj", "{FD95375D-043F-4DDF-96DE-1DD38F53AABE}"
EndProject
Global
	GlobalSection(SolutionConfigurationPlatforms) = preSolution
		Debug|Any CPU = Debug|Any CPU
		Release|Any CPU = Release|Any CPU
	EndGlobalSection
	GlobalSection(ProjectConfigurationPlatforms) = postSolution
		{E3E6ACEB-D186-4527-B731-DAE449168B5D}.Debug|Any CPU.ActiveCfg = Debug|Any CPU
		{E3E6ACEB-D186-4527-B731-DAE449168B5D}.Debug|Any CPU.Build.0 = Debug|Any CPU
		{E3E6ACEB-D186-4527-B731-DAE449168B5D}.Release|Any CPU.ActiveCfg = Release|Any CPU
		{E3E6ACEB-D186-4527-B731-DAE449168B5D}.Release|Any CPU.Build.0 = Release|Any CPU
		{FD95375D-043F-4DDF-96DE-1DD38F53AABE}.Debug|Any CPU.ActiveCfg = Debug|Any CPU
		{FD95375D-043F-4DDF-96DE-1DD38F53AABE}.Debug|Any CPU.Build.0 = Debug|Any CPU
		{FD95375D-043F-4DDF-96DE-1DD38F53AABE}.Release|Any CPU.ActiveCfg = Release|Any CPU
		{FD95375D-043F-4DDF-96DE-1DD38F53AABE}.Release|Any CPU.Build.0 = Release|Any CPU
	EndGlobalSection
	GlobalSection(SolutionProperties) = preSolution
		HideSolutionNode = FALSE
	EndGlobalSection
	GlobalSection(ExtensibilityGlobals) = postSolution
		SolutionGuid = {A5483F0C-1852-4436-978B-3CCB3238E20A}
	EndGlobalSection
EndGlobal
